
Microsoft Visual Studio Solution File, Format Version 12.00
# Visual Studio Version 17
VisualStudioVersion = 17.11.35303.130
MinimumVisualStudioVersion = 10.0.40219.1
Project("{2150E333-8FDC-42A3-9474-1A3956D46DE8}") = "Task0", "Task0", "{61FF067D-421D-43C0-A397-9852DF394BEE}"
EndProject
Project("{9A19103F-16F7-4668-BE54-9A1E7A4F7556}") = "Tyuiu.TomilovDA.Sprint1.Task0.V17", "Tyuiu.TomilovDA.Sprint1.Task0.V17\Tyuiu.TomilovDA.Sprint1.Task0.V17.csproj", "{F658DE74-9886-4E81-8AC7-3B1486BA7708}"
EndProject
Project("{9A19103F-16F7-4668-BE54-9A1E7A4F7556}") = "Tyuiu.TomilovDA.Sprint1.Task0.V17.Lib", "Tyuiu.TomilovDA.Sprint1.Task0.V17.Lib\Tyuiu.TomilovDA.Sprint1.Task0.V17.Lib.csproj", "{6E204F21-8C51-45F5-8B01-7AC496B2FB50}"
EndProject
Project("{9A19103F-16F7-4668-BE54-9A1E7A4F7556}") = "Tyuiu.TomilovDA.Sprint1.Task0.V17.Test", "Tyuiu.TomilovDA.Sprint1.Task0.V17.Test\Tyuiu.TomilovDA.Sprint1.Task0.V17.Test.csproj", "{EB8E00E0-47C1-4BD3-A6AD-8B01B3B8F5D1}"
EndProject
Project("{2150E333-8FDC-42A3-9474-1A3956D46DE8}") = "Task1", "Task1", "{09ECC68F-9257-4784-A188-41446501B341}"
EndProject
Project("{9A19103F-16F7-4668-BE54-9A1E7A4F7556}") = "Tyuiu.TomilovDA.Sprint1.Task1.V19", "Tyuiu.TomilovDA.Sprint1.Task1.V19\Tyuiu.TomilovDA.Sprint1.Task1.V19.csproj", "{78B14DFE-B0A0-4643-8A5B-E761197D658A}"
EndProject
Project("{9A19103F-16F7-4668-BE54-9A1E7A4F7556}") = "Tyuiu.TomilovDA.Sprint1.Task1.V19.Test", "Tyuiu.TomilovDA.Sprint1.Task1.V19.Test\Tyuiu.TomilovDA.Sprint1.Task1.V19.Test.csproj", "{BD83BF50-CE14-4E7B-ABCC-04D2AE2340E3}"
EndProject
Project("{9A19103F-16F7-4668-BE54-9A1E7A4F7556}") = "Tyuiu.TomilovDA.Sprint1.Task1.V19.Lib", "Tyuiu.TomilovDA.Sprint1.Task1.V19.Lib\Tyuiu.TomilovDA.Sprint1.Task1.V19.Lib.csproj", "{5B34C66F-68FC-441E-B0B9-62170B3F8395}"
EndProject
Project("{2150E333-8FDC-42A3-9474-1A3956D46DE8}") = "aaa", "aaa", "{D3E7AB84-24FF-4E27-AF42-D12C96F1079D}"
EndProject
Project("{9A19103F-16F7-4668-BE54-9A1E7A4F7556}") = "dgfgd", "dgfgd\dgfgd.csproj", "{A691DFB9-527C-4143-98BC-BABFDC981B4A}"
EndProject
Project("{2150E333-8FDC-42A3-9474-1A3956D46DE8}") = "Task2", "Task2", "{B29E0AA4-BB5A-4C30-B2A5-02F689B7983E}"
EndProject
Project("{9A19103F-16F7-4668-BE54-9A1E7A4F7556}") = "Tyuiu.TomilovDA.Sprint1.Task2.V29", "Tyuiu.TomilovDA.Sprint1.Task2.V29\Tyuiu.TomilovDA.Sprint1.Task2.V29.csproj", "{5939764B-664C-4976-BE2A-BEC1BA4F3BFF}"
EndProject
Project("{9A19103F-16F7-4668-BE54-9A1E7A4F7556}") = "Tyuiu.TomilovDA.Sprint1.Task2.V29.Lib", "Tyuiu.TomilovDA.Sprint1.Task2.V29.Lib\Tyuiu.TomilovDA.Sprint1.Task2.V29.Lib.csproj", "{A481580D-FB07-4F24-BD38-F5BCC5561A94}"
EndProject
Project("{9A19103F-16F7-4668-BE54-9A1E7A4F7556}") = "Tyuiu.TomilovDA.Sprint1.Task2.V29.Test", "Tyuiu.TomilovDA.Sprint1.Task2.V29.Test\Tyuiu.TomilovDA.Sprint1.Task2.V29.Test.csproj", "{C5ADB861-4F77-4903-9E0E-40965733B361}"
EndProject
Project("{2150E333-8FDC-42A3-9474-1A3956D46DE8}") = "Task3", "Task3", "{3F6D4D2A-3F4D-4484-A182-537FF893273B}"
EndProject
Project("{9A19103F-16F7-4668-BE54-9A1E7A4F7556}") = "Tyuiu.TomilovDA.Sprint1.Task3.V10.Lib", "Tyuiu.TomilovDA.Sprint1.Task3.V10.Lib\Tyuiu.TomilovDA.Sprint1.Task3.V10.Lib.csproj", "{AAC9997E-8E8A-44C9-B745-51F71CDFFFDA}"
EndProject
Project("{9A19103F-16F7-4668-BE54-9A1E7A4F7556}") = "Tyuiu.TomilovDA.Sprint1.Task3.V10", "Tyuiu.TomilovDA.Sprint1.Task3.V10\Tyuiu.TomilovDA.Sprint1.Task3.V10.csproj", "{78D5D574-3298-4BF7-957E-5F5E0377A386}"
EndProject
Project("{9A19103F-16F7-4668-BE54-9A1E7A4F7556}") = "Tyuiu.TomilovDA.Sprint1.Task3.V10.Test", "Tyuiu.TomilovDA.Sprint1.Task3.V10.Test\Tyuiu.TomilovDA.Sprint1.Task3.V10.Test.csproj", "{81379712-6C86-4149-9D7D-ECCD28F61E9E}"
EndProject
Project("{2150E333-8FDC-42A3-9474-1A3956D46DE8}") = "Task4", "Task4", "{2A3D05F8-8B3F-483F-94E5-1ACD59259919}"
EndProject
Project("{9A19103F-16F7-4668-BE54-9A1E7A4F7556}") = "Tyuiu.TomilovDA.Sprint1.Task4.V19.Lib", "Tyuiu.TomilovDA.Sprint1.Task4.V19.Lib\Tyuiu.TomilovDA.Sprint1.Task4.V19.Lib.csproj", "{9F882007-439E-444B-93D9-39F4FFBE0861}"
EndProject
Project("{9A19103F-16F7-4668-BE54-9A1E7A4F7556}") = "Tyuiu.TomilovDA.Sprint1.Task4.V19", "Tyuiu.TomilovDA.Sprint1.Task4.V19\Tyuiu.TomilovDA.Sprint1.Task4.V19.csproj", "{0D44C6DA-A477-4DFF-A585-1DD6030EB695}"
EndProject
Project("{9A19103F-16F7-4668-BE54-9A1E7A4F7556}") = "Tyuiu.TomilovDA.Sprint1.Task4.V19.Test", "Tyuiu.TomilovDA.Sprint1.Task4.V19.Test\Tyuiu.TomilovDA.Sprint1.Task4.V19.Test.csproj", "{A8B09278-E490-4E85-B33B-C11E19278D57}"
EndProject
Global
	GlobalSection(SolutionConfigurationPlatforms) = preSolution
		Debug|Any CPU = Debug|Any CPU
		Release|Any CPU = Release|Any CPU
	EndGlobalSection
	GlobalSection(ProjectConfigurationPlatforms) = postSolution
		{F658DE74-9886-4E81-8AC7-3B1486BA7708}.Debug|Any CPU.ActiveCfg = Debug|Any CPU
		{F658DE74-9886-4E81-8AC7-3B1486BA7708}.Debug|Any CPU.Build.0 = Debug|Any CPU
		{F658DE74-9886-4E81-8AC7-3B1486BA7708}.Release|Any CPU.ActiveCfg = Release|Any CPU
		{F658DE74-9886-4E81-8AC7-3B1486BA7708}.Release|Any CPU.Build.0 = Release|Any CPU
		{6E204F21-8C51-45F5-8B01-7AC496B2FB50}.Debug|Any CPU.ActiveCfg = Debug|Any CPU
		{6E204F21-8C51-45F5-8B01-7AC496B2FB50}.Debug|Any CPU.Build.0 = Debug|Any CPU
		{6E204F21-8C51-45F5-8B01-7AC496B2FB50}.Release|Any CPU.ActiveCfg = Release|Any CPU
		{6E204F21-8C51-45F5-8B01-7AC496B2FB50}.Release|Any CPU.Build.0 = Release|Any CPU
		{EB8E00E0-47C1-4BD3-A6AD-8B01B3B8F5D1}.Debug|Any CPU.ActiveCfg = Debug|Any CPU
		{EB8E00E0-47C1-4BD3-A6AD-8B01B3B8F5D1}.Debug|Any CPU.Build.0 = Debug|Any CPU
		{EB8E00E0-47C1-4BD3-A6AD-8B01B3B8F5D1}.Release|Any CPU.ActiveCfg = Release|Any CPU
		{EB8E00E0-47C1-4BD3-A6AD-8B01B3B8F5D1}.Release|Any CPU.Build.0 = Release|Any CPU
		{78B14DFE-B0A0-4643-8A5B-E761197D658A}.Debug|Any CPU.ActiveCfg = Debug|Any CPU
		{78B14DFE-B0A0-4643-8A5B-E761197D658A}.Debug|Any CPU.Build.0 = Debug|Any CPU
		{78B14DFE-B0A0-4643-8A5B-E761197D658A}.Release|Any CPU.ActiveCfg = Release|Any CPU
		{78B14DFE-B0A0-4643-8A5B-E761197D658A}.Release|Any CPU.Build.0 = Release|Any CPU
		{BD83BF50-CE14-4E7B-ABCC-04D2AE2340E3}.Debug|Any CPU.ActiveCfg = Debug|Any CPU
		{BD83BF50-CE14-4E7B-ABCC-04D2AE2340E3}.Debug|Any CPU.Build.0 = Debug|Any CPU
		{BD83BF50-CE14-4E7B-ABCC-04D2AE2340E3}.Release|Any CPU.ActiveCfg = Release|Any CPU
		{BD83BF50-CE14-4E7B-ABCC-04D2AE2340E3}.Release|Any CPU.Build.0 = Release|Any CPU
		{5B34C66F-68FC-441E-B0B9-62170B3F8395}.Debug|Any CPU.ActiveCfg = Debug|Any CPU
		{5B34C66F-68FC-441E-B0B9-62170B3F8395}.Debug|Any CPU.Build.0 = Debug|Any CPU
		{5B34C66F-68FC-441E-B0B9-62170B3F8395}.Release|Any CPU.ActiveCfg = Release|Any CPU
		{5B34C66F-68FC-441E-B0B9-62170B3F8395}.Release|Any CPU.Build.0 = Release|Any CPU
		{A691DFB9-527C-4143-98BC-BABFDC981B4A}.Debug|Any CPU.ActiveCfg = Debug|Any CPU
		{A691DFB9-527C-4143-98BC-BABFDC981B4A}.Debug|Any CPU.Build.0 = Debug|Any CPU
		{A691DFB9-527C-4143-98BC-BABFDC981B4A}.Release|Any CPU.ActiveCfg = Release|Any CPU
		{A691DFB9-527C-4143-98BC-BABFDC981B4A}.Release|Any CPU.Build.0 = Release|Any CPU
		{5939764B-664C-4976-BE2A-BEC1BA4F3BFF}.Debug|Any CPU.ActiveCfg = Debug|Any CPU
		{5939764B-664C-4976-BE2A-BEC1BA4F3BFF}.Debug|Any CPU.Build.0 = Debug|Any CPU
		{5939764B-664C-4976-BE2A-BEC1BA4F3BFF}.Release|Any CPU.ActiveCfg = Release|Any CPU
		{5939764B-664C-4976-BE2A-BEC1BA4F3BFF}.Release|Any CPU.Build.0 = Release|Any CPU
		{A481580D-FB07-4F24-BD38-F5BCC5561A94}.Debug|Any CPU.ActiveCfg = Debug|Any CPU
		{A481580D-FB07-4F24-BD38-F5BCC5561A94}.Debug|Any CPU.Build.0 = Debug|Any CPU
		{A481580D-FB07-4F24-BD38-F5BCC5561A94}.Release|Any CPU.ActiveCfg = Release|Any CPU
		{A481580D-FB07-4F24-BD38-F5BCC5561A94}.Release|Any CPU.Build.0 = Release|Any CPU
		{C5ADB861-4F77-4903-9E0E-40965733B361}.Debug|Any CPU.ActiveCfg = Debug|Any CPU
		{C5ADB861-4F77-4903-9E0E-40965733B361}.Debug|Any CPU.Build.0 = Debug|Any CPU
		{C5ADB861-4F77-4903-9E0E-40965733B361}.Release|Any CPU.ActiveCfg = Release|Any CPU
		{C5ADB861-4F77-4903-9E0E-40965733B361}.Release|Any CPU.Build.0 = Release|Any CPU
		{AAC9997E-8E8A-44C9-B745-51F71CDFFFDA}.Debug|Any CPU.ActiveCfg = Debug|Any CPU
		{AAC9997E-8E8A-44C9-B745-51F71CDFFFDA}.Debug|Any CPU.Build.0 = Debug|Any CPU
		{AAC9997E-8E8A-44C9-B745-51F71CDFFFDA}.Release|Any CPU.ActiveCfg = Release|Any CPU
		{AAC9997E-8E8A-44C9-B745-51F71CDFFFDA}.Release|Any CPU.Build.0 = Release|Any CPU
		{78D5D574-3298-4BF7-957E-5F5E0377A386}.Debug|Any CPU.ActiveCfg = Debug|Any CPU
		{78D5D574-3298-4BF7-957E-5F5E0377A386}.Debug|Any CPU.Build.0 = Debug|Any CPU
		{78D5D574-3298-4BF7-957E-5F5E0377A386}.Release|Any CPU.ActiveCfg = Release|Any CPU
		{78D5D574-3298-4BF7-957E-5F5E0377A386}.Release|Any CPU.Build.0 = Release|Any CPU
		{81379712-6C86-4149-9D7D-ECCD28F61E9E}.Debug|Any CPU.ActiveCfg = Debug|Any CPU
		{81379712-6C86-4149-9D7D-ECCD28F61E9E}.Debug|Any CPU.Build.0 = Debug|Any CPU
		{81379712-6C86-4149-9D7D-ECCD28F61E9E}.Release|Any CPU.ActiveCfg = Release|Any CPU
		{81379712-6C86-4149-9D7D-ECCD28F61E9E}.Release|Any CPU.Build.0 = Release|Any CPU
		{9F882007-439E-444B-93D9-39F4FFBE0861}.Debug|Any CPU.ActiveCfg = Debug|Any CPU
		{9F882007-439E-444B-93D9-39F4FFBE0861}.Debug|Any CPU.Build.0 = Debug|Any CPU
		{9F882007-439E-444B-93D9-39F4FFBE0861}.Release|Any CPU.ActiveCfg = Release|Any CPU
		{9F882007-439E-444B-93D9-39F4FFBE0861}.Release|Any CPU.Build.0 = Release|Any CPU
		{0D44C6DA-A477-4DFF-A585-1DD6030EB695}.Debug|Any CPU.ActiveCfg = Debug|Any CPU
		{0D44C6DA-A477-4DFF-A585-1DD6030EB695}.Debug|Any CPU.Build.0 = Debug|Any CPU
		{0D44C6DA-A477-4DFF-A585-1DD6030EB695}.Release|Any CPU.ActiveCfg = Release|Any CPU
		{0D44C6DA-A477-4DFF-A585-1DD6030EB695}.Release|Any CPU.Build.0 = Release|Any CPU
		{A8B09278-E490-4E85-B33B-C11E19278D57}.Debug|Any CPU.ActiveCfg = Debug|Any CPU
		{A8B09278-E490-4E85-B33B-C11E19278D57}.Debug|Any CPU.Build.0 = Debug|Any CPU
		{A8B09278-E490-4E85-B33B-C11E19278D57}.Release|Any CPU.ActiveCfg = Release|Any CPU
		{A8B09278-E490-4E85-B33B-C11E19278D57}.Release|Any CPU.Build.0 = Release|Any CPU
	EndGlobalSection
	GlobalSection(SolutionProperties) = preSolution
		HideSolutionNode = FALSE
	EndGlobalSection
	GlobalSection(NestedProjects) = preSolution
		{F658DE74-9886-4E81-8AC7-3B1486BA7708} = {61FF067D-421D-43C0-A397-9852DF394BEE}
		{6E204F21-8C51-45F5-8B01-7AC496B2FB50} = {61FF067D-421D-43C0-A397-9852DF394BEE}
		{EB8E00E0-47C1-4BD3-A6AD-8B01B3B8F5D1} = {61FF067D-421D-43C0-A397-9852DF394BEE}
		{78B14DFE-B0A0-4643-8A5B-E761197D658A} = {09ECC68F-9257-4784-A188-41446501B341}
		{BD83BF50-CE14-4E7B-ABCC-04D2AE2340E3} = {09ECC68F-9257-4784-A188-41446501B341}
		{5B34C66F-68FC-441E-B0B9-62170B3F8395} = {09ECC68F-9257-4784-A188-41446501B341}
		{A691DFB9-527C-4143-98BC-BABFDC981B4A} = {D3E7AB84-24FF-4E27-AF42-D12C96F1079D}
		{5939764B-664C-4976-BE2A-BEC1BA4F3BFF} = {B29E0AA4-BB5A-4C30-B2A5-02F689B7983E}
		{A481580D-FB07-4F24-BD38-F5BCC5561A94} = {B29E0AA4-BB5A-4C30-B2A5-02F689B7983E}
		{C5ADB861-4F77-4903-9E0E-40965733B361} = {B29E0AA4-BB5A-4C30-B2A5-02F689B7983E}
		{AAC9997E-8E8A-44C9-B745-51F71CDFFFDA} = {3F6D4D2A-3F4D-4484-A182-537FF893273B}
		{78D5D574-3298-4BF7-957E-5F5E0377A386} = {3F6D4D2A-3F4D-4484-A182-537FF893273B}
		{81379712-6C86-4149-9D7D-ECCD28F61E9E} = {3F6D4D2A-3F4D-4484-A182-537FF893273B}
		{9F882007-439E-444B-93D9-39F4FFBE0861} = {2A3D05F8-8B3F-483F-94E5-1ACD59259919}
		{0D44C6DA-A477-4DFF-A585-1DD6030EB695} = {2A3D05F8-8B3F-483F-94E5-1ACD59259919}
		{A8B09278-E490-4E85-B33B-C11E19278D57} = {2A3D05F8-8B3F-483F-94E5-1ACD59259919}
	EndGlobalSection
	GlobalSection(ExtensibilityGlobals) = postSolution
		SolutionGuid = {E8797239-40FA-4D97-B2F1-C660CC228CEC}
	EndGlobalSection
EndGlobal
