
Microsoft Visual Studio Solution File, Format Version 12.00
# Visual Studio Version 17
VisualStudioVersion = 17.11.35303.130
MinimumVisualStudioVersion = 10.0.40219.1
Project("{2150E333-8FDC-42A3-9474-1A3956D46DE8}") = "Task0", "Task0", "{61FF067D-421D-43C0-A397-9852DF394BEE}"
EndProject
Project("{9A19103F-16F7-4668-BE54-9A1E7A4F7556}") = "Tyuiu.TomilovDA.Sprint1.Task0.V17", "Tyuiu.TomilovDA.Sprint1.Task0.V17\Tyuiu.TomilovDA.Sprint1.Task0.V17.csproj", "{F658DE74-9886-4E81-8AC7-3B1486BA7708}"
EndProject
Project("{9A19103F-16F7-4668-BE54-9A1E7A4F7556}") = "Tyuiu.TomilovDA.Sprint1.Task0.V17.Lib", "Tyuiu.TomilovDA.Sprint1.Task0.V17.Lib\Tyuiu.TomilovDA.Sprint1.Task0.V17.Lib.csproj", "{6E204F21-8C51-45F5-8B01-7AC496B2FB50}"
EndProject
Project("{9A19103F-16F7-4668-BE54-9A1E7A4F7556}") = "Tyuiu.TomilovDA.Sprint1.Task0.V17.Test", "Tyuiu.TomilovDA.Sprint1.Task0.V17.Test\Tyuiu.TomilovDA.Sprint1.Task0.V17.Test.csproj", "{EB8E00E0-47C1-4BD3-A6AD-8B01B3B8F5D1}"
EndProject
Project("{2150E333-8FDC-42A3-9474-1A3956D46DE8}") = "Task1", "Task1", "{09ECC68F-9257-4784-A188-41446501B341}"
EndProject
Project("{FAE04EC0-301F-11D3-BF4B-00C04F79EFBC}") = "Tyuiu.TomilovDA.Sprint1.Task1.V19", "Tyuiu.TomilovDA.Sprint1.Task1.V19\Tyuiu.TomilovDA.Sprint1.Task1.V19.csproj", "{78B14DFE-B0A0-4643-8A5B-E761197D658A}"
EndProject
Project("{FAE04EC0-301F-11D3-BF4B-00C04F79EFBC}") = "Tyuiu.TomilovDA.Sprint1.Task1.V19.Test", "Tyuiu.TomilovDA.Sprint1.Task1.V19.Test\Tyuiu.TomilovDA.Sprint1.Task1.V19.Test.csproj", "{BD83BF50-CE14-4E7B-ABCC-04D2AE2340E3}"
EndProject
Project("{FAE04EC0-301F-11D3-BF4B-00C04F79EFBC}") = "Tyuiu.TomilovDA.Sprint1.Task1.V19.Lib", "Tyuiu.TomilovDA.Sprint1.Task1.V19.Lib\Tyuiu.TomilovDA.Sprint1.Task1.V19.Lib.csproj", "{5B34C66F-68FC-441E-B0B9-62170B3F8395}"
EndProject
Global
	GlobalSection(SolutionConfigurationPlatforms) = preSolution
		Debug|Any CPU = Debug|Any CPU
		Release|Any CPU = Release|Any CPU
	EndGlobalSection
	GlobalSection(ProjectConfigurationPlatforms) = postSolution
		{F658DE74-9886-4E81-8AC7-3B1486BA7708}.Debug|Any CPU.ActiveCfg = Debug|Any CPU
		{F658DE74-9886-4E81-8AC7-3B1486BA7708}.Debug|Any CPU.Build.0 = Debug|Any CPU
		{F658DE74-9886-4E81-8AC7-3B1486BA7708}.Release|Any CPU.ActiveCfg = Release|Any CPU
		{F658DE74-9886-4E81-8AC7-3B1486BA7708}.Release|Any CPU.Build.0 = Release|Any CPU
		{6E204F21-8C51-45F5-8B01-7AC496B2FB50}.Debug|Any CPU.ActiveCfg = Debug|Any CPU
		{6E204F21-8C51-45F5-8B01-7AC496B2FB50}.Debug|Any CPU.Build.0 = Debug|Any CPU
		{6E204F21-8C51-45F5-8B01-7AC496B2FB50}.Release|Any CPU.ActiveCfg = Release|Any CPU
		{6E204F21-8C51-45F5-8B01-7AC496B2FB50}.Release|Any CPU.Build.0 = Release|Any CPU
		{EB8E00E0-47C1-4BD3-A6AD-8B01B3B8F5D1}.Debug|Any CPU.ActiveCfg = Debug|Any CPU
		{EB8E00E0-47C1-4BD3-A6AD-8B01B3B8F5D1}.Debug|Any CPU.Build.0 = Debug|Any CPU
		{EB8E00E0-47C1-4BD3-A6AD-8B01B3B8F5D1}.Release|Any CPU.ActiveCfg = Release|Any CPU
		{EB8E00E0-47C1-4BD3-A6AD-8B01B3B8F5D1}.Release|Any CPU.Build.0 = Release|Any CPU
		{78B14DFE-B0A0-4643-8A5B-E761197D658A}.Debug|Any CPU.ActiveCfg = Debug|Any CPU
		{78B14DFE-B0A0-4643-8A5B-E761197D658A}.Debug|Any CPU.Build.0 = Debug|Any CPU
		{78B14DFE-B0A0-4643-8A5B-E761197D658A}.Release|Any CPU.ActiveCfg = Release|Any CPU
		{78B14DFE-B0A0-4643-8A5B-E761197D658A}.Release|Any CPU.Build.0 = Release|Any CPU
		{BD83BF50-CE14-4E7B-ABCC-04D2AE2340E3}.Debug|Any CPU.ActiveCfg = Debug|Any CPU
		{BD83BF50-CE14-4E7B-ABCC-04D2AE2340E3}.Debug|Any CPU.Build.0 = Debug|Any CPU
		{BD83BF50-CE14-4E7B-ABCC-04D2AE2340E3}.Release|Any CPU.ActiveCfg = Release|Any CPU
		{BD83BF50-CE14-4E7B-ABCC-04D2AE2340E3}.Release|Any CPU.Build.0 = Release|Any CPU
		{5B34C66F-68FC-441E-B0B9-62170B3F8395}.Debug|Any CPU.ActiveCfg = Debug|Any CPU
		{5B34C66F-68FC-441E-B0B9-62170B3F8395}.Debug|Any CPU.Build.0 = Debug|Any CPU
		{5B34C66F-68FC-441E-B0B9-62170B3F8395}.Release|Any CPU.ActiveCfg = Release|Any CPU
		{5B34C66F-68FC-441E-B0B9-62170B3F8395}.Release|Any CPU.Build.0 = Release|Any CPU
	EndGlobalSection
	GlobalSection(SolutionProperties) = preSolution
		HideSolutionNode = FALSE
	EndGlobalSection
	GlobalSection(NestedProjects) = preSolution
		{F658DE74-9886-4E81-8AC7-3B1486BA7708} = {61FF067D-421D-43C0-A397-9852DF394BEE}
		{6E204F21-8C51-45F5-8B01-7AC496B2FB50} = {61FF067D-421D-43C0-A397-9852DF394BEE}
		{EB8E00E0-47C1-4BD3-A6AD-8B01B3B8F5D1} = {61FF067D-421D-43C0-A397-9852DF394BEE}
		{78B14DFE-B0A0-4643-8A5B-E761197D658A} = {09ECC68F-9257-4784-A188-41446501B341}
		{BD83BF50-CE14-4E7B-ABCC-04D2AE2340E3} = {09ECC68F-9257-4784-A188-41446501B341}
		{5B34C66F-68FC-441E-B0B9-62170B3F8395} = {09ECC68F-9257-4784-A188-41446501B341}
	EndGlobalSection
	GlobalSection(ExtensibilityGlobals) = postSolution
		SolutionGuid = {E8797239-40FA-4D97-B2F1-C660CC228CEC}
	EndGlobalSection
EndGlobal
